
Microsoft Visual Studio Solution File, Format Version 12.00
# Visual Studio Version 17
VisualStudioVersion = 17.4.33205.214
MinimumVisualStudioVersion = 10.0.40219.1
Project("{FAE04EC0-301F-11D3-BF4B-00C04F79EFBC}") = "project(class)", "project(class)\project(class).csproj", "{99167B0F-6949-4F47-A7C1-B56D36FB0818}"
EndProject
Global
	GlobalSection(SolutionConfigurationPlatforms) = preSolution
		Debug|Any CPU = Debug|Any CPU
		Release|Any CPU = Release|Any CPU
	EndGlobalSection
	GlobalSection(ProjectConfigurationPlatforms) = postSolution
		{99167B0F-6949-4F47-A7C1-B56D36FB0818}.Debug|Any CPU.ActiveCfg = Debug|Any CPU
		{99167B0F-6949-4F47-A7C1-B56D36FB0818}.Debug|Any CPU.Build.0 = Debug|Any CPU
		{99167B0F-6949-4F47-A7C1-B56D36FB0818}.Release|Any CPU.ActiveCfg = Release|Any CPU
		{99167B0F-6949-4F47-A7C1-B56D36FB0818}.Release|Any CPU.Build.0 = Release|Any CPU
	EndGlobalSection
	GlobalSection(SolutionProperties) = preSolution
		HideSolutionNode = FALSE
	EndGlobalSection
	GlobalSection(ExtensibilityGlobals) = postSolution
		SolutionGuid = {E200FB4F-EE48-4F13-945B-F52DDBA74C22}
	EndGlobalSection
EndGlobal
